{
  "version": 4,
  "terraform_version": "1.6.1",
  "serial": 15,
  "lineage": "dca21a97-8db2-8d8f-6ff3-b3b9bf95c29c",
  "outputs": {
    "repo_url": {
      "value": "https://github.com/S1D007/example_repo",
      "type": "string"
    }
  },
  "resources": [
    {
      "mode": "managed",
      "type": "github_repository",
      "name": "create-new-repo",
      "provider": "provider[\"registry.terraform.io/hashicorp/github\"]",
      "instances": [
        {
          "schema_version": 1,
          "attributes": {
            "allow_auto_merge": false,
            "allow_merge_commit": true,
            "allow_rebase_merge": true,
            "allow_squash_merge": true,
            "allow_update_branch": false,
            "archive_on_destroy": null,
            "archived": false,
            "auto_init": true,
            "default_branch": "main",
            "delete_branch_on_merge": false,
            "description": "This is an example repository",
            "etag": "W/\"68dbc67b465545e905297e263e6d504726c6acd12eb9ba61ff90470e52879c7e\"",
            "full_name": "S1D007/example_repo",
            "git_clone_url": "git://github.com/S1D007/example_repo.git",
            "gitignore_template": null,
            "has_discussions": false,
            "has_downloads": false,
            "has_issues": false,
            "has_projects": false,
            "has_wiki": false,
            "homepage_url": "",
            "html_url": "https://github.com/S1D007/example_repo",
            "http_clone_url": "https://github.com/S1D007/example_repo.git",
            "id": "example_repo",
            "ignore_vulnerability_alerts_during_read": null,
            "is_template": false,
            "license_template": null,
            "merge_commit_message": "PR_TITLE",
            "merge_commit_title": "MERGE_MESSAGE",
            "name": "example_repo",
            "node_id": "R_kgDOKf1PLw",
            "pages": [],
            "primary_language": "",
            "private": false,
            "repo_id": 704466735,
            "security_and_analysis": [
              {
                "advanced_security": [],
                "secret_scanning": [
                  {
                    "status": "disabled"
                  }
                ],
                "secret_scanning_push_protection": [
                  {
                    "status": "disabled"
                  }
                ]
              }
            ],
            "squash_merge_commit_message": "COMMIT_MESSAGES",
            "squash_merge_commit_title": "COMMIT_OR_PR_TITLE",
            "ssh_clone_url": "git@github.com:S1D007/example_repo.git",
            "svn_url": "https://github.com/S1D007/example_repo",
            "template": [],
            "topics": [],
            "visibility": "public",
            "vulnerability_alerts": false
          },
          "sensitive_attributes": [],
          "private": "eyJzY2hlbWFfdmVyc2lvbiI6IjEifQ=="
        }
      ]
    }
  ],
  "check_results": null
}
